
Microsoft Visual Studio Solution File, Format Version 12.00
# Visual Studio Version 16
VisualStudioVersion = 16.0.29911.84
MinimumVisualStudioVersion = 10.0.40219.1
Project("{FAE04EC0-301F-11D3-BF4B-00C04F79EFBC}") = "OnlineShop", "OnlineShop\OnlineShop.csproj", "{BB53EFF7-2C3E-473D-96E0-0A3480D7F7D6}"
EndProject
Global
	GlobalSection(SolutionConfigurationPlatforms) = preSolution
		Debug|Any CPU = Debug|Any CPU
		Release|Any CPU = Release|Any CPU
	EndGlobalSection
	GlobalSection(ProjectConfigurationPlatforms) = postSolution
		{BB53EFF7-2C3E-473D-96E0-0A3480D7F7D6}.Debug|Any CPU.ActiveCfg = Debug|Any CPU
		{BB53EFF7-2C3E-473D-96E0-0A3480D7F7D6}.Debug|Any CPU.Build.0 = Debug|Any CPU
		{BB53EFF7-2C3E-473D-96E0-0A3480D7F7D6}.Release|Any CPU.ActiveCfg = Release|Any CPU
		{BB53EFF7-2C3E-473D-96E0-0A3480D7F7D6}.Release|Any CPU.Build.0 = Release|Any CPU
	EndGlobalSection
	GlobalSection(SolutionProperties) = preSolution
		HideSolutionNode = FALSE
	EndGlobalSection
	GlobalSection(ExtensibilityGlobals) = postSolution
		SolutionGuid = {8AC0D4EB-9FC2-4EE4-A325-84AA99FE6BE1}
	EndGlobalSection
EndGlobal
